github.com/dan-strohschein/aidkit v0.1.0 h1:Sx1Nw02YDJPfOZW9mE0yQhVlD2Xy89pj7mD4ZWf+FD8=
github.com/dan-strohschein/aidkit v0.1.0/go.mod h1:S4PWBKzNqqJvPjsQV1QP96F9G0crwBA9R4fPLb21izc=
github.com/dan-strohschein/cartograph v0.2.0 h1:YCaJBziZoYEJg+DhoYP68GkSa+xZM+BOOXYEepWu+Bw=
github.com/dan-strohschein/cartograph v0.2.0/go.mod h1:PEi3aV31+s6wTARpaIVJlCqSKpfOHikHallKhcfPMP4=
github.com/dan-strohschein/chisel v0.1.0 h1:m89OSAT8bu9UxPXtbyfrED9u/owQcyqQC3lHie0LBqE=
github.com/dan-strohschein/chisel v0.1.0/go.mod h1:rcfO8Yk4EWuLqhvdn4dx+rlmAOBNgx+n5kFxOf1cn1c=
